
Microsoft Visual Studio Solution File, Format Version 12.00
# Visual Studio Version 17
VisualStudioVersion = 17.6.33815.320
MinimumVisualStudioVersion = 10.0.40219.1
Project("{FAE04EC0-301F-11D3-BF4B-00C04F79EFBC}") = "Tic Tac Toe", "Tic Tac Toe.csproj", "{2AF28B9F-E788-48E3-B879-632065DD5395}"
EndProject
Global
	GlobalSection(SolutionConfigurationPlatforms) = preSolution
		Debug|Any CPU = Debug|Any CPU
		Release|Any CPU = Release|Any CPU
	EndGlobalSection
	GlobalSection(ProjectConfigurationPlatforms) = postSolution
		{2AF28B9F-E788-48E3-B879-632065DD5395}.Debug|Any CPU.ActiveCfg = Debug|Any CPU
		{2AF28B9F-E788-48E3-B879-632065DD5395}.Debug|Any CPU.Build.0 = Debug|Any CPU
		{2AF28B9F-E788-48E3-B879-632065DD5395}.Release|Any CPU.ActiveCfg = Release|Any CPU
		{2AF28B9F-E788-48E3-B879-632065DD5395}.Release|Any CPU.Build.0 = Release|Any CPU
	EndGlobalSection
	GlobalSection(SolutionProperties) = preSolution
		HideSolutionNode = FALSE
	EndGlobalSection
	GlobalSection(ExtensibilityGlobals) = postSolution
		SolutionGuid = {E915D99C-0AA2-4131-ACDC-6E71320B0E77}
	EndGlobalSection
EndGlobal
